
Microsoft Visual Studio Solution File, Format Version 12.00
# Visual Studio Version 17
VisualStudioVersion = 17.6.33815.320
MinimumVisualStudioVersion = 10.0.40219.1
Project("{FAE04EC0-301F-11D3-BF4B-00C04F79EFBC}") = "ProjetoEstacionamento", "ProjetoEstacionamento\ProjetoEstacionamento.csproj", "{CF76F6DF-D9C8-47DB-95A6-25F04D533D23}"
EndProject
Global
	GlobalSection(SolutionConfigurationPlatforms) = preSolution
		Debug|Any CPU = Debug|Any CPU
		Release|Any CPU = Release|Any CPU
	EndGlobalSection
	GlobalSection(ProjectConfigurationPlatforms) = postSolution
		{CF76F6DF-D9C8-47DB-95A6-25F04D533D23}.Debug|Any CPU.ActiveCfg = Debug|Any CPU
		{CF76F6DF-D9C8-47DB-95A6-25F04D533D23}.Debug|Any CPU.Build.0 = Debug|Any CPU
		{CF76F6DF-D9C8-47DB-95A6-25F04D533D23}.Release|Any CPU.ActiveCfg = Release|Any CPU
		{CF76F6DF-D9C8-47DB-95A6-25F04D533D23}.Release|Any CPU.Build.0 = Release|Any CPU
	EndGlobalSection
	GlobalSection(SolutionProperties) = preSolution
		HideSolutionNode = FALSE
	EndGlobalSection
	GlobalSection(ExtensibilityGlobals) = postSolution
		SolutionGuid = {87A2ABDE-7A15-4257-BE07-5CB1C97CD44D}
	EndGlobalSection
EndGlobal
